# THIS IS AN AUTOGENERATED FILE. DO NOT EDIT THIS FILE DIRECTLY.
# yarn lockfile v1


"@babel/runtime@^7.8.3":
  version "7.8.3"
  resolved "https://registry.yarnpkg.com/@babel/runtime/-/runtime-7.8.3.tgz#0811944f73a6c926bb2ad35e918dcc1bfab279f1"
  integrity sha512-fVHx1rzEmwB130VTkLnxR+HmxcTjGzH12LYQcFFoBwakMd3aOMD4OsRN7tGG/UOYE2ektgFrS8uACAoRk1CY0w==
  dependencies:
    regenerator-runtime "^0.13.2"

"@expo/vector-icons@^10.0.0":
  version "10.0.6"
  resolved "https://registry.yarnpkg.com/@expo/vector-icons/-/vector-icons-10.0.6.tgz#5718953ff0b97827d11dae5787976fa8ce5caaed"
  integrity sha512-qNlKPNdf073LpeEpyClxAh0D3mmIK4TGAQzeKR0HVwf14RIEe17+mLW5Z6Ka5Ho/lUtKMRPDHumSllFyKvpeGg==
  dependencies:
    lodash "^4.17.4"

"@react-native-community/netinfo@^4.6.0":
  version "4.7.0"
  resolved "https://registry.yarnpkg.com/@react-native-community/netinfo/-/netinfo-4.7.0.tgz#7482d36836cac69d0a0ae25581f65bc472639930"
  integrity sha512-a/sDB+AsLEUNmhAUlAaTYeXKyQdFGBUfatqKkX5jluBo2CB3OAuTHfm7rSjcaLB9EmG5iSq3fOTpync2E7EYTA==

expo-av@^8:
  version "8.0.0"
  resolved "https://registry.yarnpkg.com/expo-av/-/expo-av-8.0.0.tgz#fc892a0e4ff7e1eff630002e0652da3125d18113"
  integrity sha512-n1qOXi0jk6stY4q5RZqmQS90Rg9HDDGWE7EfLABhcyUA1EGJJbrupjpn75sxzNYMksad+oiGp0NULTHlKfa01A==
  dependencies:
    lodash "^4.17.15"
    nullthrows "^1.1.0"

lodash@^4.17.15, lodash@^4.17.4:
  version "4.17.19"
  resolved "https://registry.yarnpkg.com/lodash/-/lodash-4.17.19.tgz#e48ddedbe30b3321783c5b4301fbd353bc1e4a4b"
  integrity sha512-JNvd8XER9GQX0v2qJgsaN/mzFCNA5BRe/j8JN9d+tWyGLSodKQHKFicdwNYzWwI3wjRnaKPsGj1XkBjx/F96DQ==

nullthrows@^1.1.0:
  version "1.1.1"
  resolved "https://registry.yarnpkg.com/nullthrows/-/nullthrows-1.1.1.tgz#7818258843856ae971eae4208ad7d7eb19a431b1"
  integrity sha512-2vPPEi+Z7WqML2jZYddDIfy5Dqb0r2fze2zTxNNknZaFpVHU3mFB3R+DWeJWGVx0ecvttSGlJTI+WG+8Z4cDWw==

prettier@^1.19.1:
  version "1.19.1"
  resolved "https://registry.yarnpkg.com/prettier/-/prettier-1.19.1.tgz#f7d7f5ff8a9cd872a7be4ca142095956a60797cb"
  integrity sha512-s7PoyDv/II1ObgQunCbB9PdLmUcBZcnWOcxDh7O0N/UwDEsHyqkW+Qh28jW+mVuCdx7gLB0BotYI1Y6uI9iyew==

regenerator-runtime@^0.13.2:
  version "0.13.3"
  resolved "https://registry.yarnpkg.com/regenerator-runtime/-/regenerator-runtime-0.13.3.tgz#7cf6a77d8f5c6f60eb73c5fc1955b2ceb01e6bf5"
  integrity sha512-naKIZz2GQ8JWh///G7L3X6LaQUAMp2lvb1rvwwsURe/VXwD6VMfr+/1NuNw3ag8v2kY1aQ/go5SNn79O9JU7yw==
